
Microsoft Visual Studio Solution File, Format Version 12.00
# Visual Studio Version 17
VisualStudioVersion = 17.3.32825.248
MinimumVisualStudioVersion = 10.0.40219.1
Project("{FAE04EC0-301F-11D3-BF4B-00C04F79EFBC}") = "testTask1.Android", "testTask1\testTask1.Android\testTask1.Android.csproj", "{FE0DF643-2877-4150-B74B-CE3EAC62A295}"
EndProject
Project("{FAE04EC0-301F-11D3-BF4B-00C04F79EFBC}") = "testTask1.iOS", "testTask1\testTask1.iOS\testTask1.iOS.csproj", "{553E8199-1714-423F-9339-FEA0B02181B9}"
EndProject
Project("{FAE04EC0-301F-11D3-BF4B-00C04F79EFBC}") = "testTask1", "testTask1\testTask1\testTask1.csproj", "{1BD4F59E-06AD-45EE-8FD8-BF2D92FE00FF}"
EndProject
Global
	GlobalSection(SolutionConfigurationPlatforms) = preSolution
		Debug|Any CPU = Debug|Any CPU
		Debug|iPhone = Debug|iPhone
		Debug|iPhoneSimulator = Debug|iPhoneSimulator
		Release|Any CPU = Release|Any CPU
		Release|iPhone = Release|iPhone
		Release|iPhoneSimulator = Release|iPhoneSimulator
	EndGlobalSection
	GlobalSection(ProjectConfigurationPlatforms) = postSolution
		{FE0DF643-2877-4150-B74B-CE3EAC62A295}.Debug|Any CPU.ActiveCfg = Debug|Any CPU
		{FE0DF643-2877-4150-B74B-CE3EAC62A295}.Debug|Any CPU.Build.0 = Debug|Any CPU
		{FE0DF643-2877-4150-B74B-CE3EAC62A295}.Debug|Any CPU.Deploy.0 = Debug|Any CPU
		{FE0DF643-2877-4150-B74B-CE3EAC62A295}.Debug|iPhone.ActiveCfg = Debug|Any CPU
		{FE0DF643-2877-4150-B74B-CE3EAC62A295}.Debug|iPhone.Build.0 = Debug|Any CPU
		{FE0DF643-2877-4150-B74B-CE3EAC62A295}.Debug|iPhone.Deploy.0 = Debug|Any CPU
		{FE0DF643-2877-4150-B74B-CE3EAC62A295}.Debug|iPhoneSimulator.ActiveCfg = Debug|Any CPU
		{FE0DF643-2877-4150-B74B-CE3EAC62A295}.Debug|iPhoneSimulator.Build.0 = Debug|Any CPU
		{FE0DF643-2877-4150-B74B-CE3EAC62A295}.Debug|iPhoneSimulator.Deploy.0 = Debug|Any CPU
		{FE0DF643-2877-4150-B74B-CE3EAC62A295}.Release|Any CPU.ActiveCfg = Release|Any CPU
		{FE0DF643-2877-4150-B74B-CE3EAC62A295}.Release|Any CPU.Build.0 = Release|Any CPU
		{FE0DF643-2877-4150-B74B-CE3EAC62A295}.Release|Any CPU.Deploy.0 = Release|Any CPU
		{FE0DF643-2877-4150-B74B-CE3EAC62A295}.Release|iPhone.ActiveCfg = Release|Any CPU
		{FE0DF643-2877-4150-B74B-CE3EAC62A295}.Release|iPhone.Build.0 = Release|Any CPU
		{FE0DF643-2877-4150-B74B-CE3EAC62A295}.Release|iPhone.Deploy.0 = Release|Any CPU
		{FE0DF643-2877-4150-B74B-CE3EAC62A295}.Release|iPhoneSimulator.ActiveCfg = Release|Any CPU
		{FE0DF643-2877-4150-B74B-CE3EAC62A295}.Release|iPhoneSimulator.Build.0 = Release|Any CPU
		{FE0DF643-2877-4150-B74B-CE3EAC62A295}.Release|iPhoneSimulator.Deploy.0 = Release|Any CPU
		{553E8199-1714-423F-9339-FEA0B02181B9}.Debug|Any CPU.ActiveCfg = Debug|iPhone
		{553E8199-1714-423F-9339-FEA0B02181B9}.Debug|Any CPU.Build.0 = Debug|iPhone
		{553E8199-1714-423F-9339-FEA0B02181B9}.Debug|Any CPU.Deploy.0 = Debug|iPhone
		{553E8199-1714-423F-9339-FEA0B02181B9}.Debug|iPhone.ActiveCfg = Debug|iPhone
		{553E8199-1714-423F-9339-FEA0B02181B9}.Debug|iPhone.Build.0 = Debug|iPhone
		{553E8199-1714-423F-9339-FEA0B02181B9}.Debug|iPhone.Deploy.0 = Debug|iPhone
		{553E8199-1714-423F-9339-FEA0B02181B9}.Debug|iPhoneSimulator.ActiveCfg = Debug|iPhoneSimulator
		{553E8199-1714-423F-9339-FEA0B02181B9}.Debug|iPhoneSimulator.Build.0 = Debug|iPhoneSimulator
		{553E8199-1714-423F-9339-FEA0B02181B9}.Debug|iPhoneSimulator.Deploy.0 = Debug|iPhoneSimulator
		{553E8199-1714-423F-9339-FEA0B02181B9}.Release|Any CPU.ActiveCfg = Release|iPhoneSimulator
		{553E8199-1714-423F-9339-FEA0B02181B9}.Release|Any CPU.Build.0 = Release|iPhoneSimulator
		{553E8199-1714-423F-9339-FEA0B02181B9}.Release|Any CPU.Deploy.0 = Release|iPhoneSimulator
		{553E8199-1714-423F-9339-FEA0B02181B9}.Release|iPhone.ActiveCfg = Release|iPhone
		{553E8199-1714-423F-9339-FEA0B02181B9}.Release|iPhone.Build.0 = Release|iPhone
		{553E8199-1714-423F-9339-FEA0B02181B9}.Release|iPhone.Deploy.0 = Release|iPhone
		{553E8199-1714-423F-9339-FEA0B02181B9}.Release|iPhoneSimulator.ActiveCfg = Release|iPhoneSimulator
		{553E8199-1714-423F-9339-FEA0B02181B9}.Release|iPhoneSimulator.Build.0 = Release|iPhoneSimulator
		{553E8199-1714-423F-9339-FEA0B02181B9}.Release|iPhoneSimulator.Deploy.0 = Release|iPhoneSimulator
		{1BD4F59E-06AD-45EE-8FD8-BF2D92FE00FF}.Debug|Any CPU.ActiveCfg = Debug|Any CPU
		{1BD4F59E-06AD-45EE-8FD8-BF2D92FE00FF}.Debug|Any CPU.Build.0 = Debug|Any CPU
		{1BD4F59E-06AD-45EE-8FD8-BF2D92FE00FF}.Debug|Any CPU.Deploy.0 = Debug|Any CPU
		{1BD4F59E-06AD-45EE-8FD8-BF2D92FE00FF}.Debug|iPhone.ActiveCfg = Debug|Any CPU
		{1BD4F59E-06AD-45EE-8FD8-BF2D92FE00FF}.Debug|iPhone.Build.0 = Debug|Any CPU
		{1BD4F59E-06AD-45EE-8FD8-BF2D92FE00FF}.Debug|iPhone.Deploy.0 = Debug|Any CPU
		{1BD4F59E-06AD-45EE-8FD8-BF2D92FE00FF}.Debug|iPhoneSimulator.ActiveCfg = Debug|Any CPU
		{1BD4F59E-06AD-45EE-8FD8-BF2D92FE00FF}.Debug|iPhoneSimulator.Build.0 = Debug|Any CPU
		{1BD4F59E-06AD-45EE-8FD8-BF2D92FE00FF}.Debug|iPhoneSimulator.Deploy.0 = Debug|Any CPU
		{1BD4F59E-06AD-45EE-8FD8-BF2D92FE00FF}.Release|Any CPU.ActiveCfg = Release|Any CPU
		{1BD4F59E-06AD-45EE-8FD8-BF2D92FE00FF}.Release|Any CPU.Build.0 = Release|Any CPU
		{1BD4F59E-06AD-45EE-8FD8-BF2D92FE00FF}.Release|Any CPU.Deploy.0 = Release|Any CPU
		{1BD4F59E-06AD-45EE-8FD8-BF2D92FE00FF}.Release|iPhone.ActiveCfg = Release|Any CPU
		{1BD4F59E-06AD-45EE-8FD8-BF2D92FE00FF}.Release|iPhone.Build.0 = Release|Any CPU
		{1BD4F59E-06AD-45EE-8FD8-BF2D92FE00FF}.Release|iPhone.Deploy.0 = Release|Any CPU
		{1BD4F59E-06AD-45EE-8FD8-BF2D92FE00FF}.Release|iPhoneSimulator.ActiveCfg = Release|Any CPU
		{1BD4F59E-06AD-45EE-8FD8-BF2D92FE00FF}.Release|iPhoneSimulator.Build.0 = Release|Any CPU
		{1BD4F59E-06AD-45EE-8FD8-BF2D92FE00FF}.Release|iPhoneSimulator.Deploy.0 = Release|Any CPU
	EndGlobalSection
	GlobalSection(SolutionProperties) = preSolution
		HideSolutionNode = FALSE
	EndGlobalSection
	GlobalSection(ExtensibilityGlobals) = postSolution
		SolutionGuid = {74C4777D-ECF7-4733-9CB6-749886D8A264}
	EndGlobalSection
EndGlobal
